// !$*UTF8*$!
{
	archiveVersion = 1;
	classes = {
	};
	objectVersion = 46;
	objects = {

/* Begin PBXBuildFile section */
		32D38F011602521B001A6B01 /* Foundation.framework in Frameworks */ = {isa = PBXBuildFile; fileRef = 32D38F001602521B001A6B01 /* Foundation.framework */; };
		32D38F041602521B001A6B01 /* main.m in Sources */ = {isa = PBXBuildFile; fileRef = 32D38F031602521B001A6B01 /* main.m */; };
		32D38F081602521B001A6B01 /* _7_CustomClasses.1 in CopyFiles */ = {isa = PBXBuildFile; fileRef = 32D38F071602521B001A6B01 /* _7_CustomClasses.1 */; };
		32D38F10160252A6001A6B01 /* Employee.m in Sources */ = {isa = PBXBuildFile; fileRef = 32D38F0F160252A6001A6B01 /* Employee.m */; };
/* End PBXBuildFile section */

/* Begin PBXCopyFilesBuildPhase section */
		32D38EFA1602521B001A6B01 /* CopyFiles */ = {
			isa = PBXCopyFilesBuildPhase;
			buildActionMask = 2147483647;
			dstPath = /usr/share/man/man1/;
			dstSubfolderSpec = 0;
			files = (
				32D38F081602521B001A6B01 /* _7_CustomClasses.1 in CopyFiles */,
			);
			runOnlyForDeploymentPostprocessing = 1;
		};
/* End PBXCopyFilesBuildPhase section */

/* Begin PBXFileReference section */
		32D38EFC1602521B001A6B01 /* 07_CustomClasses */ = {isa = PBXFileReference; explicitFileType = "compiled.mach-o.executable"; includeInIndex = 0; path = 07_CustomClasses; sourceTree = BUILT_PRODUCTS_DIR; };
		32D38F001602521B001A6B01 /* Foundation.framework */ = {isa = PBXFileReference; lastKnownFileType = wrapper.framework; name = Foundation.framework; path = System/Library/Frameworks/Foundation.framework; sourceTree = SDKROOT; };
		32D38F031602521B001A6B01 /* main.m */ = {isa = PBXFileReference; lastKnownFileType = sourcecode.c.objc; path = main.m; sourceTree = "<group>"; };
		32D38F061602521B001A6B01 /* 07_CustomClasses-Prefix.pch */ = {isa = PBXFileReference; lastKnownFileType = sourcecode.c.h; path = "07_CustomClasses-Prefix.pch"; sourceTree = "<group>"; };
		32D38F071602521B001A6B01 /* _7_CustomClasses.1 */ = {isa = PBXFileReference; lastKnownFileType = text.man; path = _7_CustomClasses.1; sourceTree = "<group>"; };
		32D38F0E160252A6001A6B01 /* Employee.h */ = {isa = PBXFileReference; fileEncoding = 4; lastKnownFileType = sourcecode.c.h; path = Employee.h; sourceTree = "<group>"; };
		32D38F0F160252A6001A6B01 /* Employee.m */ = {isa = PBXFileReference; fileEncoding = 4; lastKnownFileType = sourcecode.c.objc; path = Employee.m; sourceTree = "<group>"; };
/* End PBXFileReference section */

/* Begin PBXFrameworksBuildPhase section */
		32D38EF91602521B001A6B01 /* Frameworks */ = {
			isa = PBXFrameworksBuildPhase;
			buildActionMask = 2147483647;
			files = (
				32D38F011602521B001A6B01 /* Foundation.framework in Frameworks */,
			);
			runOnlyForDeploymentPostprocessing = 0;
		};
/* End PBXFrameworksBuildPhase section */

/* Begin PBXGroup section */
		32D38EF11602521B001A6B01 = {
			isa = PBXGroup;
			children = (
				32D38F021602521B001A6B01 /* 07_CustomClasses */,
				32D38EFF1602521B001A6B01 /* Frameworks */,
				32D38EFD1602521B001A6B01 /* Products */,
			);
			sourceTree = "<group>";
		};
		32D38EFD1602521B001A6B01 /* Products */ = {
			isa = PBXGroup;
			children = (
				32D38EFC1602521B001A6B01 /* 07_CustomClasses */,
			);
			name = Products;
			sourceTree = "<group>";
		};
		32D38EFF1602521B001A6B01 /* Frameworks */ = {
			isa = PBXGroup;
			children = (
				32D38F001602521B001A6B01 /* Foundation.framework */,
			);
			name = Frameworks;
			sourceTree = "<group>";
		};
		32D38F021602521B001A6B01 /* 07_CustomClasses */ = {
			isa = PBXGroup;
			children = (
				32D38F031602521B001A6B01 /* main.m */,
				32D38F0E160252A6001A6B01 /* Employee.h */,
				32D38F0F160252A6001A6B01 /* Employee.m */,
				32D38F071602521B001A6B01 /* _7_CustomClasses.1 */,
				32D38F051602521B001A6B01 /* Supporting Files */,
			);
			path = 07_CustomClasses;
			sourceTree = "<group>";
		};
		32D38F051602521B001A6B01 /* Supporting Files */ = {
			isa = PBXGroup;
			children = (
				32D38F061602521B001A6B01 /* 07_CustomClasses-Prefix.pch */,
			);
			name = "Supporting Files";
			sourceTree = "<group>";
		};
/* End PBXGroup section */

/* Begin PBXNativeTarget section */
		32D38EFB1602521B001A6B01 /* 07_CustomClasses */ = {
			isa = PBXNativeTarget;
			buildConfigurationList = 32D38F0B1602521B001A6B01 /* Build configuration list for PBXNativeTarget "07_CustomClasses" */;
			buildPhases = (
				32D38EF81602521B001A6B01 /* Sources */,
				32D38EF91602521B001A6B01 /* Frameworks */,
				32D38EFA1602521B001A6B01 /* CopyFiles */,
			);
			buildRules = (
			);
			dependencies = (
			);
			name = 07_CustomClasses;
			productName = 07_CustomClasses;
			productReference = 32D38EFC1602521B001A6B01 /* 07_CustomClasses */;
			productType = "com.apple.product-type.tool";
		};
/* End PBXNativeTarget section */

/* Begin PBXProject section */
		32D38EF31602521B001A6B01 /* Project object */ = {
			isa = PBXProject;
			attributes = {
				LastUpgradeCheck = 0450;
				ORGANIZATIONNAME = "Cameron Browning";
			};
			buildConfigurationList = 32D38EF61602521B001A6B01 /* Build configuration list for PBXProject "07_CustomClasses" */;
			compatibilityVersion = "Xcode 3.2";
			developmentRegion = English;
			hasScannedForEncodings = 0;
			knownRegions = (
				en,
			);
			mainGroup = 32D38EF11602521B001A6B01;
			productRefGroup = 32D38EFD1602521B001A6B01 /* Products */;
			projectDirPath = "";
			projectRoot = "";
			targets = (
				32D38EFB1602521B001A6B01 /* 07_CustomClasses */,
			);
		};
/* End PBXProject section */

/* Begin PBXSourcesBuildPhase section */
		32D38EF81602521B001A6B01 /* Sources */ = {
			isa = PBXSourcesBuildPhase;
			buildActionMask = 2147483647;
			files = (
				32D38F041602521B001A6B01 /* main.m in Sources */,
				32D38F10160252A6001A6B01 /* Employee.m in Sources */,
			);
			runOnlyForDeploymentPostprocessing = 0;
		};
/* End PBXSourcesBuildPhase section */

/* Begin XCBuildConfiguration section */
		32D38F091602521B001A6B01 /* Debug */ = {
			isa = XCBuildConfiguration;
			buildSettings = {
				ALWAYS_SEARCH_USER_PATHS = NO;
				ARCHS = "$(ARCHS_STANDARD_64_BIT)";
				CLANG_CXX_LANGUAGE_STANDARD = "gnu++0x";
				CLANG_ENABLE_OBJC_ARC = YES;
				CLANG_WARN__DUPLICATE_METHOD_MATCH = YES;
				COPY_PHASE_STRIP = NO;
				GCC_C_LANGUAGE_STANDARD = gnu99;
				GCC_DYNAMIC_NO_PIC = NO;
				GCC_ENABLE_OBJC_EXCEPTIONS = YES;
				GCC_OPTIMIZATION_LEVEL = 0;
				GCC_PREPROCESSOR_DEFINITIONS = (
					"DEBUG=1",
					"$(inherited)",
				);
				GCC_SYMBOLS_PRIVATE_EXTERN = NO;
				GCC_WARN_64_TO_32_BIT_CONVERSION = YES;
				GCC_WARN_ABOUT_RETURN_TYPE = YES;
				GCC_WARN_UNINITIALIZED_AUTOS = YES;
				GCC_WARN_UNUSED_VARIABLE = YES;
				MACOSX_DEPLOYMENT_TARGET = 10.7;
				ONLY_ACTIVE_ARCH = YES;
				SDKROOT = macosx;
			};
			name = Debug;
		};
		32D38F0A1602521B001A6B01 /* Release */ = {
			isa = XCBuildConfiguration;
			buildSettings = {
				ALWAYS_SEARCH_USER_PATHS = NO;
				ARCHS = "$(ARCHS_STANDARD_64_BIT)";
				CLANG_CXX_LANGUAGE_STANDARD = "gnu++0x";
				CLANG_ENABLE_OBJC_ARC = YES;
				CLANG_WARN__DUPLICATE_METHOD_MATCH = YES;
				COPY_PHASE_STRIP = YES;
				DEBUG_INFORMATION_FORMAT = "dwarf-with-dsym";
				GCC_C_LANGUAGE_STANDARD = gnu99;
				GCC_ENABLE_OBJC_EXCEPTIONS = YES;
				GCC_WARN_64_TO_32_BIT_CONVERSION = YES;
				GCC_WARN_ABOUT_RETURN_TYPE = YES;
				GCC_WARN_UNINITIALIZED_AUTOS = YES;
				GCC_WARN_UNUSED_VARIABLE = YES;
				MACOSX_DEPLOYMENT_TARGET = 10.7;
				SDKROOT = macosx;
			};
			name = Release;
		};
		32D38F0C1602521B001A6B01 /* Debug */ = {
			isa = XCBuildConfiguration;
			buildSettings = {
				GCC_PRECOMPILE_PREFIX_HEADER = YES;
				GCC_PREFIX_HEADER = "07_CustomClasses/07_CustomClasses-Prefix.pch";
				PRODUCT_NAME = "$(TARGET_NAME)";
			};
			name = Debug;
		};
		32D38F0D1602521B001A6B01 /* Release */ = {
			isa = XCBuildConfiguration;
			buildSettings = {
				GCC_PRECOMPILE_PREFIX_HEADER = YES;
				GCC_PREFIX_HEADER = "07_CustomClasses/07_CustomClasses-Prefix.pch";
				PRODUCT_NAME = "$(TARGET_NAME)";
			};
			name = Release;
		};
/* End XCBuildConfiguration section */

/* Begin XCConfigurationList section */
		32D38EF61602521B001A6B01 /* Build configuration list for PBXProject "07_CustomClasses" */ = {
			isa = XCConfigurationList;
			buildConfigurations = (
				32D38F091602521B001A6B01 /* Debug */,
				32D38F0A1602521B001A6B01 /* Release */,
			);
			defaultConfigurationIsVisible = 0;
			defaultConfigurationName = Release;
		};
		32D38F0B1602521B001A6B01 /* Build configuration list for PBXNativeTarget "07_CustomClasses" */ = {
			isa = XCConfigurationList;
			buildConfigurations = (
				32D38F0C1602521B001A6B01 /* Debug */,
				32D38F0D1602521B001A6B01 /* Release */,
			);
			defaultConfigurationIsVisible = 0;
		};
/* End XCConfigurationList section */
	};
	rootObject = 32D38EF31602521B001A6B01 /* Project object */;
}
