// !$*UTF8*$!
{
	archiveVersion = 1;
	classes = {
	};
	objectVersion = 46;
	objects = {

/* Begin PBXBuildFile section */
		321F65ED15F71C4C008989A0 /* Foundation.framework in Frameworks */ = {isa = PBXBuildFile; fileRef = 321F65EC15F71C4C008989A0 /* Foundation.framework */; };
		321F65F015F71C4C008989A0 /* main.m in Sources */ = {isa = PBXBuildFile; fileRef = 321F65EF15F71C4C008989A0 /* main.m */; };
		321F65F415F71C4C008989A0 /* FirstApp.1 in CopyFiles */ = {isa = PBXBuildFile; fileRef = 321F65F315F71C4C008989A0 /* FirstApp.1 */; };
/* End PBXBuildFile section */

/* Begin PBXCopyFilesBuildPhase section */
		321F65E615F71C4C008989A0 /* CopyFiles */ = {
			isa = PBXCopyFilesBuildPhase;
			buildActionMask = 2147483647;
			dstPath = /usr/share/man/man1/;
			dstSubfolderSpec = 0;
			files = (
				321F65F415F71C4C008989A0 /* FirstApp.1 in CopyFiles */,
			);
			runOnlyForDeploymentPostprocessing = 1;
		};
/* End PBXCopyFilesBuildPhase section */

/* Begin PBXFileReference section */
		321F65E815F71C4C008989A0 /* FirstApp */ = {isa = PBXFileReference; explicitFileType = "compiled.mach-o.executable"; includeInIndex = 0; path = FirstApp; sourceTree = BUILT_PRODUCTS_DIR; };
		321F65EC15F71C4C008989A0 /* Foundation.framework */ = {isa = PBXFileReference; lastKnownFileType = wrapper.framework; name = Foundation.framework; path = System/Library/Frameworks/Foundation.framework; sourceTree = SDKROOT; };
		321F65EF15F71C4C008989A0 /* main.m */ = {isa = PBXFileReference; lastKnownFileType = sourcecode.c.objc; path = main.m; sourceTree = "<group>"; };
		321F65F215F71C4C008989A0 /* FirstApp-Prefix.pch */ = {isa = PBXFileReference; lastKnownFileType = sourcecode.c.h; path = "FirstApp-Prefix.pch"; sourceTree = "<group>"; };
		321F65F315F71C4C008989A0 /* FirstApp.1 */ = {isa = PBXFileReference; lastKnownFileType = text.man; path = FirstApp.1; sourceTree = "<group>"; };
/* End PBXFileReference section */

/* Begin PBXFrameworksBuildPhase section */
		321F65E515F71C4C008989A0 /* Frameworks */ = {
			isa = PBXFrameworksBuildPhase;
			buildActionMask = 2147483647;
			files = (
				321F65ED15F71C4C008989A0 /* Foundation.framework in Frameworks */,
			);
			runOnlyForDeploymentPostprocessing = 0;
		};
/* End PBXFrameworksBuildPhase section */

/* Begin PBXGroup section */
		321F65DD15F71C4B008989A0 = {
			isa = PBXGroup;
			children = (
				321F65EE15F71C4C008989A0 /* FirstApp */,
				321F65EB15F71C4C008989A0 /* Frameworks */,
				321F65E915F71C4C008989A0 /* Products */,
			);
			sourceTree = "<group>";
		};
		321F65E915F71C4C008989A0 /* Products */ = {
			isa = PBXGroup;
			children = (
				321F65E815F71C4C008989A0 /* FirstApp */,
			);
			name = Products;
			sourceTree = "<group>";
		};
		321F65EB15F71C4C008989A0 /* Frameworks */ = {
			isa = PBXGroup;
			children = (
				321F65EC15F71C4C008989A0 /* Foundation.framework */,
			);
			name = Frameworks;
			sourceTree = "<group>";
		};
		321F65EE15F71C4C008989A0 /* FirstApp */ = {
			isa = PBXGroup;
			children = (
				321F65EF15F71C4C008989A0 /* main.m */,
				321F65F315F71C4C008989A0 /* FirstApp.1 */,
				321F65F115F71C4C008989A0 /* Supporting Files */,
			);
			path = FirstApp;
			sourceTree = "<group>";
		};
		321F65F115F71C4C008989A0 /* Supporting Files */ = {
			isa = PBXGroup;
			children = (
				321F65F215F71C4C008989A0 /* FirstApp-Prefix.pch */,
			);
			name = "Supporting Files";
			sourceTree = "<group>";
		};
/* End PBXGroup section */

/* Begin PBXNativeTarget section */
		321F65E715F71C4C008989A0 /* FirstApp */ = {
			isa = PBXNativeTarget;
			buildConfigurationList = 321F65F715F71C4C008989A0 /* Build configuration list for PBXNativeTarget "FirstApp" */;
			buildPhases = (
				321F65E415F71C4C008989A0 /* Sources */,
				321F65E515F71C4C008989A0 /* Frameworks */,
				321F65E615F71C4C008989A0 /* CopyFiles */,
			);
			buildRules = (
			);
			dependencies = (
			);
			name = FirstApp;
			productName = FirstApp;
			productReference = 321F65E815F71C4C008989A0 /* FirstApp */;
			productType = "com.apple.product-type.tool";
		};
/* End PBXNativeTarget section */

/* Begin PBXProject section */
		321F65DF15F71C4B008989A0 /* Project object */ = {
			isa = PBXProject;
			attributes = {
				LastUpgradeCheck = 0430;
			};
			buildConfigurationList = 321F65E215F71C4B008989A0 /* Build configuration list for PBXProject "FirstApp" */;
			compatibilityVersion = "Xcode 3.2";
			developmentRegion = English;
			hasScannedForEncodings = 0;
			knownRegions = (
				en,
			);
			mainGroup = 321F65DD15F71C4B008989A0;
			productRefGroup = 321F65E915F71C4C008989A0 /* Products */;
			projectDirPath = "";
			projectRoot = "";
			targets = (
				321F65E715F71C4C008989A0 /* FirstApp */,
			);
		};
/* End PBXProject section */

/* Begin PBXSourcesBuildPhase section */
		321F65E415F71C4C008989A0 /* Sources */ = {
			isa = PBXSourcesBuildPhase;
			buildActionMask = 2147483647;
			files = (
				321F65F015F71C4C008989A0 /* main.m in Sources */,
			);
			runOnlyForDeploymentPostprocessing = 0;
		};
/* End PBXSourcesBuildPhase section */

/* Begin XCBuildConfiguration section */
		321F65F515F71C4C008989A0 /* Debug */ = {
			isa = XCBuildConfiguration;
			buildSettings = {
				ALWAYS_SEARCH_USER_PATHS = NO;
				ARCHS = "$(ARCHS_STANDARD_64_BIT)";
				CLANG_ENABLE_OBJC_ARC = YES;
				COPY_PHASE_STRIP = NO;
				GCC_C_LANGUAGE_STANDARD = gnu99;
				GCC_DYNAMIC_NO_PIC = NO;
				GCC_ENABLE_OBJC_EXCEPTIONS = YES;
				GCC_OPTIMIZATION_LEVEL = 0;
				GCC_PREPROCESSOR_DEFINITIONS = (
					"DEBUG=1",
					"$(inherited)",
				);
				GCC_SYMBOLS_PRIVATE_EXTERN = NO;
				GCC_VERSION = com.apple.compilers.llvm.clang.1_0;
				GCC_WARN_64_TO_32_BIT_CONVERSION = YES;
				GCC_WARN_ABOUT_RETURN_TYPE = YES;
				GCC_WARN_UNINITIALIZED_AUTOS = YES;
				GCC_WARN_UNUSED_VARIABLE = YES;
				MACOSX_DEPLOYMENT_TARGET = 10.7;
				ONLY_ACTIVE_ARCH = YES;
				SDKROOT = macosx;
			};
			name = Debug;
		};
		321F65F615F71C4C008989A0 /* Release */ = {
			isa = XCBuildConfiguration;
			buildSettings = {
				ALWAYS_SEARCH_USER_PATHS = NO;
				ARCHS = "$(ARCHS_STANDARD_64_BIT)";
				CLANG_ENABLE_OBJC_ARC = YES;
				COPY_PHASE_STRIP = YES;
				DEBUG_INFORMATION_FORMAT = "dwarf-with-dsym";
				GCC_C_LANGUAGE_STANDARD = gnu99;
				GCC_ENABLE_OBJC_EXCEPTIONS = YES;
				GCC_VERSION = com.apple.compilers.llvm.clang.1_0;
				GCC_WARN_64_TO_32_BIT_CONVERSION = YES;
				GCC_WARN_ABOUT_RETURN_TYPE = YES;
				GCC_WARN_UNINITIALIZED_AUTOS = YES;
				GCC_WARN_UNUSED_VARIABLE = YES;
				MACOSX_DEPLOYMENT_TARGET = 10.7;
				SDKROOT = macosx;
			};
			name = Release;
		};
		321F65F815F71C4C008989A0 /* Debug */ = {
			isa = XCBuildConfiguration;
			buildSettings = {
				GCC_PRECOMPILE_PREFIX_HEADER = YES;
				GCC_PREFIX_HEADER = "FirstApp/FirstApp-Prefix.pch";
				PRODUCT_NAME = "$(TARGET_NAME)";
			};
			name = Debug;
		};
		321F65F915F71C4C008989A0 /* Release */ = {
			isa = XCBuildConfiguration;
			buildSettings = {
				GCC_PRECOMPILE_PREFIX_HEADER = YES;
				GCC_PREFIX_HEADER = "FirstApp/FirstApp-Prefix.pch";
				PRODUCT_NAME = "$(TARGET_NAME)";
			};
			name = Release;
		};
/* End XCBuildConfiguration section */

/* Begin XCConfigurationList section */
		321F65E215F71C4B008989A0 /* Build configuration list for PBXProject "FirstApp" */ = {
			isa = XCConfigurationList;
			buildConfigurations = (
				321F65F515F71C4C008989A0 /* Debug */,
				321F65F615F71C4C008989A0 /* Release */,
			);
			defaultConfigurationIsVisible = 0;
			defaultConfigurationName = Release;
		};
		321F65F715F71C4C008989A0 /* Build configuration list for PBXNativeTarget "FirstApp" */ = {
			isa = XCConfigurationList;
			buildConfigurations = (
				321F65F815F71C4C008989A0 /* Debug */,
				321F65F915F71C4C008989A0 /* Release */,
			);
			defaultConfigurationIsVisible = 0;
		};
/* End XCConfigurationList section */
	};
	rootObject = 321F65DF15F71C4B008989A0 /* Project object */;
}
