// !$*UTF8*$!
{
	archiveVersion = 1;
	classes = {
	};
	objectVersion = 46;
	objects = {

/* Begin PBXBuildFile section */
		322310C3160272F700FB16AF /* Foundation.framework in Frameworks */ = {isa = PBXBuildFile; fileRef = 322310C2160272F700FB16AF /* Foundation.framework */; };
		322310C6160272F700FB16AF /* main.m in Sources */ = {isa = PBXBuildFile; fileRef = 322310C5160272F700FB16AF /* main.m */; };
		322310CA160272F700FB16AF /* _8_DictionaryDemo.1 in CopyFiles */ = {isa = PBXBuildFile; fileRef = 322310C9160272F700FB16AF /* _8_DictionaryDemo.1 */; };
/* End PBXBuildFile section */

/* Begin PBXCopyFilesBuildPhase section */
		322310BC160272F700FB16AF /* CopyFiles */ = {
			isa = PBXCopyFilesBuildPhase;
			buildActionMask = 2147483647;
			dstPath = /usr/share/man/man1/;
			dstSubfolderSpec = 0;
			files = (
				322310CA160272F700FB16AF /* _8_DictionaryDemo.1 in CopyFiles */,
			);
			runOnlyForDeploymentPostprocessing = 1;
		};
/* End PBXCopyFilesBuildPhase section */

/* Begin PBXFileReference section */
		322310BE160272F700FB16AF /* 08_DictionaryDemo */ = {isa = PBXFileReference; explicitFileType = "compiled.mach-o.executable"; includeInIndex = 0; path = 08_DictionaryDemo; sourceTree = BUILT_PRODUCTS_DIR; };
		322310C2160272F700FB16AF /* Foundation.framework */ = {isa = PBXFileReference; lastKnownFileType = wrapper.framework; name = Foundation.framework; path = System/Library/Frameworks/Foundation.framework; sourceTree = SDKROOT; };
		322310C5160272F700FB16AF /* main.m */ = {isa = PBXFileReference; lastKnownFileType = sourcecode.c.objc; path = main.m; sourceTree = "<group>"; };
		322310C8160272F700FB16AF /* 08_DictionaryDemo-Prefix.pch */ = {isa = PBXFileReference; path = "08_DictionaryDemo-Prefix.pch"; sourceTree = "<group>"; };
		322310C9160272F700FB16AF /* _8_DictionaryDemo.1 */ = {isa = PBXFileReference; lastKnownFileType = text.man; path = _8_DictionaryDemo.1; sourceTree = "<group>"; };
/* End PBXFileReference section */

/* Begin PBXFrameworksBuildPhase section */
		322310BB160272F700FB16AF /* Frameworks */ = {
			isa = PBXFrameworksBuildPhase;
			buildActionMask = 2147483647;
			files = (
				322310C3160272F700FB16AF /* Foundation.framework in Frameworks */,
			);
			runOnlyForDeploymentPostprocessing = 0;
		};
/* End PBXFrameworksBuildPhase section */

/* Begin PBXGroup section */
		322310B3160272F700FB16AF = {
			isa = PBXGroup;
			children = (
				322310C4160272F700FB16AF /* 08_DictionaryDemo */,
				322310C1160272F700FB16AF /* Frameworks */,
				322310BF160272F700FB16AF /* Products */,
			);
			sourceTree = "<group>";
		};
		322310BF160272F700FB16AF /* Products */ = {
			isa = PBXGroup;
			children = (
				322310BE160272F700FB16AF /* 08_DictionaryDemo */,
			);
			name = Products;
			sourceTree = "<group>";
		};
		322310C1160272F700FB16AF /* Frameworks */ = {
			isa = PBXGroup;
			children = (
				322310C2160272F700FB16AF /* Foundation.framework */,
			);
			name = Frameworks;
			sourceTree = "<group>";
		};
		322310C4160272F700FB16AF /* 08_DictionaryDemo */ = {
			isa = PBXGroup;
			children = (
				322310C5160272F700FB16AF /* main.m */,
				322310C9160272F700FB16AF /* _8_DictionaryDemo.1 */,
				322310C7160272F700FB16AF /* Supporting Files */,
			);
			path = 08_DictionaryDemo;
			sourceTree = "<group>";
		};
		322310C7160272F700FB16AF /* Supporting Files */ = {
			isa = PBXGroup;
			children = (
				322310C8160272F700FB16AF /* 08_DictionaryDemo-Prefix.pch */,
			);
			name = "Supporting Files";
			sourceTree = "<group>";
		};
/* End PBXGroup section */

/* Begin PBXNativeTarget section */
		322310BD160272F700FB16AF /* 08_DictionaryDemo */ = {
			isa = PBXNativeTarget;
			buildConfigurationList = 322310CD160272F700FB16AF /* Build configuration list for PBXNativeTarget "08_DictionaryDemo" */;
			buildPhases = (
				322310BA160272F700FB16AF /* Sources */,
				322310BB160272F700FB16AF /* Frameworks */,
				322310BC160272F700FB16AF /* CopyFiles */,
			);
			buildRules = (
			);
			dependencies = (
			);
			name = 08_DictionaryDemo;
			productName = 08_DictionaryDemo;
			productReference = 322310BE160272F700FB16AF /* 08_DictionaryDemo */;
			productType = "com.apple.product-type.tool";
		};
/* End PBXNativeTarget section */

/* Begin PBXProject section */
		322310B5160272F700FB16AF /* Project object */ = {
			isa = PBXProject;
			attributes = {
				LastUpgradeCheck = 0450;
				ORGANIZATIONNAME = "Cameron Browning";
			};
			buildConfigurationList = 322310B8160272F700FB16AF /* Build configuration list for PBXProject "08_DictionaryDemo" */;
			compatibilityVersion = "Xcode 3.2";
			developmentRegion = English;
			hasScannedForEncodings = 0;
			knownRegions = (
				en,
			);
			mainGroup = 322310B3160272F700FB16AF;
			productRefGroup = 322310BF160272F700FB16AF /* Products */;
			projectDirPath = "";
			projectRoot = "";
			targets = (
				322310BD160272F700FB16AF /* 08_DictionaryDemo */,
			);
		};
/* End PBXProject section */

/* Begin PBXSourcesBuildPhase section */
		322310BA160272F700FB16AF /* Sources */ = {
			isa = PBXSourcesBuildPhase;
			buildActionMask = 2147483647;
			files = (
				322310C6160272F700FB16AF /* main.m in Sources */,
			);
			runOnlyForDeploymentPostprocessing = 0;
		};
/* End PBXSourcesBuildPhase section */

/* Begin XCBuildConfiguration section */
		322310CB160272F700FB16AF /* Debug */ = {
			isa = XCBuildConfiguration;
			buildSettings = {
				ALWAYS_SEARCH_USER_PATHS = NO;
				ARCHS = "$(ARCHS_STANDARD_64_BIT)";
				CLANG_CXX_LANGUAGE_STANDARD = "gnu++0x";
				CLANG_ENABLE_OBJC_ARC = YES;
				CLANG_WARN__DUPLICATE_METHOD_MATCH = YES;
				COPY_PHASE_STRIP = NO;
				GCC_C_LANGUAGE_STANDARD = gnu99;
				GCC_DYNAMIC_NO_PIC = NO;
				GCC_ENABLE_OBJC_EXCEPTIONS = YES;
				GCC_OPTIMIZATION_LEVEL = 0;
				GCC_PREPROCESSOR_DEFINITIONS = (
					"DEBUG=1",
					"$(inherited)",
				);
				GCC_SYMBOLS_PRIVATE_EXTERN = NO;
				GCC_WARN_64_TO_32_BIT_CONVERSION = YES;
				GCC_WARN_ABOUT_RETURN_TYPE = YES;
				GCC_WARN_UNINITIALIZED_AUTOS = YES;
				GCC_WARN_UNUSED_VARIABLE = YES;
				MACOSX_DEPLOYMENT_TARGET = 10.7;
				ONLY_ACTIVE_ARCH = YES;
				SDKROOT = macosx;
			};
			name = Debug;
		};
		322310CC160272F700FB16AF /* Release */ = {
			isa = XCBuildConfiguration;
			buildSettings = {
				ALWAYS_SEARCH_USER_PATHS = NO;
				ARCHS = "$(ARCHS_STANDARD_64_BIT)";
				CLANG_CXX_LANGUAGE_STANDARD = "gnu++0x";
				CLANG_ENABLE_OBJC_ARC = YES;
				CLANG_WARN__DUPLICATE_METHOD_MATCH = YES;
				COPY_PHASE_STRIP = YES;
				DEBUG_INFORMATION_FORMAT = "dwarf-with-dsym";
				GCC_C_LANGUAGE_STANDARD = gnu99;
				GCC_ENABLE_OBJC_EXCEPTIONS = YES;
				GCC_WARN_64_TO_32_BIT_CONVERSION = YES;
				GCC_WARN_ABOUT_RETURN_TYPE = YES;
				GCC_WARN_UNINITIALIZED_AUTOS = YES;
				GCC_WARN_UNUSED_VARIABLE = YES;
				MACOSX_DEPLOYMENT_TARGET = 10.7;
				SDKROOT = macosx;
			};
			name = Release;
		};
		322310CE160272F700FB16AF /* Debug */ = {
			isa = XCBuildConfiguration;
			buildSettings = {
				GCC_PRECOMPILE_PREFIX_HEADER = YES;
				GCC_PREFIX_HEADER = "08_DictionaryDemo/08_DictionaryDemo-Prefix.pch";
				PRODUCT_NAME = "$(TARGET_NAME)";
			};
			name = Debug;
		};
		322310CF160272F700FB16AF /* Release */ = {
			isa = XCBuildConfiguration;
			buildSettings = {
				GCC_PRECOMPILE_PREFIX_HEADER = YES;
				GCC_PREFIX_HEADER = "08_DictionaryDemo/08_DictionaryDemo-Prefix.pch";
				PRODUCT_NAME = "$(TARGET_NAME)";
			};
			name = Release;
		};
/* End XCBuildConfiguration section */

/* Begin XCConfigurationList section */
		322310B8160272F700FB16AF /* Build configuration list for PBXProject "08_DictionaryDemo" */ = {
			isa = XCConfigurationList;
			buildConfigurations = (
				322310CB160272F700FB16AF /* Debug */,
				322310CC160272F700FB16AF /* Release */,
			);
			defaultConfigurationIsVisible = 0;
			defaultConfigurationName = Release;
		};
		322310CD160272F700FB16AF /* Build configuration list for PBXNativeTarget "08_DictionaryDemo" */ = {
			isa = XCConfigurationList;
			buildConfigurations = (
				322310CE160272F700FB16AF /* Debug */,
				322310CF160272F700FB16AF /* Release */,
			);
			defaultConfigurationIsVisible = 0;
		};
/* End XCConfigurationList section */
	};
	rootObject = 322310B5160272F700FB16AF /* Project object */;
}
