// !$*UTF8*$!
{
	archiveVersion = 1;
	classes = {
	};
	objectVersion = 46;
	objects = {

/* Begin PBXBuildFile section */
		32231178160285B300FB16AF /* Foundation.framework in Frameworks */ = {isa = PBXBuildFile; fileRef = 32231177160285B300FB16AF /* Foundation.framework */; };
		3223117B160285B300FB16AF /* main.m in Sources */ = {isa = PBXBuildFile; fileRef = 3223117A160285B300FB16AF /* main.m */; };
		3223117F160285B300FB16AF /* _0_Inheritance.1 in CopyFiles */ = {isa = PBXBuildFile; fileRef = 3223117E160285B300FB16AF /* _0_Inheritance.1 */; };
/* End PBXBuildFile section */

/* Begin PBXCopyFilesBuildPhase section */
		32231171160285B300FB16AF /* CopyFiles */ = {
			isa = PBXCopyFilesBuildPhase;
			buildActionMask = 2147483647;
			dstPath = /usr/share/man/man1/;
			dstSubfolderSpec = 0;
			files = (
				3223117F160285B300FB16AF /* _0_Inheritance.1 in CopyFiles */,
			);
			runOnlyForDeploymentPostprocessing = 1;
		};
/* End PBXCopyFilesBuildPhase section */

/* Begin PBXFileReference section */
		32231173160285B300FB16AF /* 10_Inheritance */ = {isa = PBXFileReference; explicitFileType = "compiled.mach-o.executable"; includeInIndex = 0; path = 10_Inheritance; sourceTree = BUILT_PRODUCTS_DIR; };
		32231177160285B300FB16AF /* Foundation.framework */ = {isa = PBXFileReference; lastKnownFileType = wrapper.framework; name = Foundation.framework; path = System/Library/Frameworks/Foundation.framework; sourceTree = SDKROOT; };
		3223117A160285B300FB16AF /* main.m */ = {isa = PBXFileReference; lastKnownFileType = sourcecode.c.objc; path = main.m; sourceTree = "<group>"; };
		3223117D160285B300FB16AF /* 10_Inheritance-Prefix.pch */ = {isa = PBXFileReference; path = "10_Inheritance-Prefix.pch"; sourceTree = "<group>"; };
		3223117E160285B300FB16AF /* _0_Inheritance.1 */ = {isa = PBXFileReference; lastKnownFileType = text.man; path = _0_Inheritance.1; sourceTree = "<group>"; };
/* End PBXFileReference section */

/* Begin PBXFrameworksBuildPhase section */
		32231170160285B300FB16AF /* Frameworks */ = {
			isa = PBXFrameworksBuildPhase;
			buildActionMask = 2147483647;
			files = (
				32231178160285B300FB16AF /* Foundation.framework in Frameworks */,
			);
			runOnlyForDeploymentPostprocessing = 0;
		};
/* End PBXFrameworksBuildPhase section */

/* Begin PBXGroup section */
		32231168160285B200FB16AF = {
			isa = PBXGroup;
			children = (
				32231179160285B300FB16AF /* 10_Inheritance */,
				32231176160285B300FB16AF /* Frameworks */,
				32231174160285B300FB16AF /* Products */,
			);
			sourceTree = "<group>";
		};
		32231174160285B300FB16AF /* Products */ = {
			isa = PBXGroup;
			children = (
				32231173160285B300FB16AF /* 10_Inheritance */,
			);
			name = Products;
			sourceTree = "<group>";
		};
		32231176160285B300FB16AF /* Frameworks */ = {
			isa = PBXGroup;
			children = (
				32231177160285B300FB16AF /* Foundation.framework */,
			);
			name = Frameworks;
			sourceTree = "<group>";
		};
		32231179160285B300FB16AF /* 10_Inheritance */ = {
			isa = PBXGroup;
			children = (
				3223117A160285B300FB16AF /* main.m */,
				3223117E160285B300FB16AF /* _0_Inheritance.1 */,
				3223117C160285B300FB16AF /* Supporting Files */,
			);
			path = 10_Inheritance;
			sourceTree = "<group>";
		};
		3223117C160285B300FB16AF /* Supporting Files */ = {
			isa = PBXGroup;
			children = (
				3223117D160285B300FB16AF /* 10_Inheritance-Prefix.pch */,
			);
			name = "Supporting Files";
			sourceTree = "<group>";
		};
/* End PBXGroup section */

/* Begin PBXNativeTarget section */
		32231172160285B300FB16AF /* 10_Inheritance */ = {
			isa = PBXNativeTarget;
			buildConfigurationList = 32231182160285B300FB16AF /* Build configuration list for PBXNativeTarget "10_Inheritance" */;
			buildPhases = (
				3223116F160285B300FB16AF /* Sources */,
				32231170160285B300FB16AF /* Frameworks */,
				32231171160285B300FB16AF /* CopyFiles */,
			);
			buildRules = (
			);
			dependencies = (
			);
			name = 10_Inheritance;
			productName = 10_Inheritance;
			productReference = 32231173160285B300FB16AF /* 10_Inheritance */;
			productType = "com.apple.product-type.tool";
		};
/* End PBXNativeTarget section */

/* Begin PBXProject section */
		3223116A160285B200FB16AF /* Project object */ = {
			isa = PBXProject;
			attributes = {
				LastUpgradeCheck = 0450;
				ORGANIZATIONNAME = "Cameron Browning";
			};
			buildConfigurationList = 3223116D160285B200FB16AF /* Build configuration list for PBXProject "10_Inheritance" */;
			compatibilityVersion = "Xcode 3.2";
			developmentRegion = English;
			hasScannedForEncodings = 0;
			knownRegions = (
				en,
			);
			mainGroup = 32231168160285B200FB16AF;
			productRefGroup = 32231174160285B300FB16AF /* Products */;
			projectDirPath = "";
			projectRoot = "";
			targets = (
				32231172160285B300FB16AF /* 10_Inheritance */,
			);
		};
/* End PBXProject section */

/* Begin PBXSourcesBuildPhase section */
		3223116F160285B300FB16AF /* Sources */ = {
			isa = PBXSourcesBuildPhase;
			buildActionMask = 2147483647;
			files = (
				3223117B160285B300FB16AF /* main.m in Sources */,
			);
			runOnlyForDeploymentPostprocessing = 0;
		};
/* End PBXSourcesBuildPhase section */

/* Begin XCBuildConfiguration section */
		32231180160285B300FB16AF /* Debug */ = {
			isa = XCBuildConfiguration;
			buildSettings = {
				ALWAYS_SEARCH_USER_PATHS = NO;
				ARCHS = "$(ARCHS_STANDARD_64_BIT)";
				CLANG_CXX_LANGUAGE_STANDARD = "gnu++0x";
				CLANG_ENABLE_OBJC_ARC = YES;
				CLANG_WARN__DUPLICATE_METHOD_MATCH = YES;
				COPY_PHASE_STRIP = NO;
				GCC_C_LANGUAGE_STANDARD = gnu99;
				GCC_DYNAMIC_NO_PIC = NO;
				GCC_ENABLE_OBJC_EXCEPTIONS = YES;
				GCC_OPTIMIZATION_LEVEL = 0;
				GCC_PREPROCESSOR_DEFINITIONS = (
					"DEBUG=1",
					"$(inherited)",
				);
				GCC_SYMBOLS_PRIVATE_EXTERN = NO;
				GCC_WARN_64_TO_32_BIT_CONVERSION = YES;
				GCC_WARN_ABOUT_RETURN_TYPE = YES;
				GCC_WARN_UNINITIALIZED_AUTOS = YES;
				GCC_WARN_UNUSED_VARIABLE = YES;
				MACOSX_DEPLOYMENT_TARGET = 10.7;
				ONLY_ACTIVE_ARCH = YES;
				SDKROOT = macosx;
			};
			name = Debug;
		};
		32231181160285B300FB16AF /* Release */ = {
			isa = XCBuildConfiguration;
			buildSettings = {
				ALWAYS_SEARCH_USER_PATHS = NO;
				ARCHS = "$(ARCHS_STANDARD_64_BIT)";
				CLANG_CXX_LANGUAGE_STANDARD = "gnu++0x";
				CLANG_ENABLE_OBJC_ARC = YES;
				CLANG_WARN__DUPLICATE_METHOD_MATCH = YES;
				COPY_PHASE_STRIP = YES;
				DEBUG_INFORMATION_FORMAT = "dwarf-with-dsym";
				GCC_C_LANGUAGE_STANDARD = gnu99;
				GCC_ENABLE_OBJC_EXCEPTIONS = YES;
				GCC_WARN_64_TO_32_BIT_CONVERSION = YES;
				GCC_WARN_ABOUT_RETURN_TYPE = YES;
				GCC_WARN_UNINITIALIZED_AUTOS = YES;
				GCC_WARN_UNUSED_VARIABLE = YES;
				MACOSX_DEPLOYMENT_TARGET = 10.7;
				SDKROOT = macosx;
			};
			name = Release;
		};
		32231183160285B300FB16AF /* Debug */ = {
			isa = XCBuildConfiguration;
			buildSettings = {
				GCC_PRECOMPILE_PREFIX_HEADER = YES;
				GCC_PREFIX_HEADER = "10_Inheritance/10_Inheritance-Prefix.pch";
				PRODUCT_NAME = "$(TARGET_NAME)";
			};
			name = Debug;
		};
		32231184160285B300FB16AF /* Release */ = {
			isa = XCBuildConfiguration;
			buildSettings = {
				GCC_PRECOMPILE_PREFIX_HEADER = YES;
				GCC_PREFIX_HEADER = "10_Inheritance/10_Inheritance-Prefix.pch";
				PRODUCT_NAME = "$(TARGET_NAME)";
			};
			name = Release;
		};
/* End XCBuildConfiguration section */

/* Begin XCConfigurationList section */
		3223116D160285B200FB16AF /* Build configuration list for PBXProject "10_Inheritance" */ = {
			isa = XCConfigurationList;
			buildConfigurations = (
				32231180160285B300FB16AF /* Debug */,
				32231181160285B300FB16AF /* Release */,
			);
			defaultConfigurationIsVisible = 0;
			defaultConfigurationName = Release;
		};
		32231182160285B300FB16AF /* Build configuration list for PBXNativeTarget "10_Inheritance" */ = {
			isa = XCConfigurationList;
			buildConfigurations = (
				32231183160285B300FB16AF /* Debug */,
				32231184160285B300FB16AF /* Release */,
			);
			defaultConfigurationIsVisible = 0;
		};
/* End XCConfigurationList section */
	};
	rootObject = 3223116A160285B200FB16AF /* Project object */;
}
