// !$*UTF8*$!
{
	archiveVersion = 1;
	classes = {
	};
	objectVersion = 46;
	objects = {

/* Begin PBXBuildFile section */
		322310A6160270AD00FB16AF /* Foundation.framework in Frameworks */ = {isa = PBXBuildFile; fileRef = 322310A5160270AD00FB16AF /* Foundation.framework */; };
		322310A9160270AD00FB16AF /* main.m in Sources */ = {isa = PBXBuildFile; fileRef = 322310A8160270AD00FB16AF /* main.m */; };
		322310AD160270AD00FB16AF /* _8_NSArrayDemo.1 in CopyFiles */ = {isa = PBXBuildFile; fileRef = 322310AC160270AD00FB16AF /* _8_NSArrayDemo.1 */; };
/* End PBXBuildFile section */

/* Begin PBXCopyFilesBuildPhase section */
		3223109F160270AD00FB16AF /* CopyFiles */ = {
			isa = PBXCopyFilesBuildPhase;
			buildActionMask = 2147483647;
			dstPath = /usr/share/man/man1/;
			dstSubfolderSpec = 0;
			files = (
				322310AD160270AD00FB16AF /* _8_NSArrayDemo.1 in CopyFiles */,
			);
			runOnlyForDeploymentPostprocessing = 1;
		};
/* End PBXCopyFilesBuildPhase section */

/* Begin PBXFileReference section */
		322310A1160270AD00FB16AF /* 08_NSArrayDemo */ = {isa = PBXFileReference; explicitFileType = "compiled.mach-o.executable"; includeInIndex = 0; path = 08_NSArrayDemo; sourceTree = BUILT_PRODUCTS_DIR; };
		322310A5160270AD00FB16AF /* Foundation.framework */ = {isa = PBXFileReference; lastKnownFileType = wrapper.framework; name = Foundation.framework; path = System/Library/Frameworks/Foundation.framework; sourceTree = SDKROOT; };
		322310A8160270AD00FB16AF /* main.m */ = {isa = PBXFileReference; lastKnownFileType = sourcecode.c.objc; path = main.m; sourceTree = "<group>"; };
		322310AB160270AD00FB16AF /* 08_NSArrayDemo-Prefix.pch */ = {isa = PBXFileReference; lastKnownFileType = sourcecode.c.h; path = "08_NSArrayDemo-Prefix.pch"; sourceTree = "<group>"; };
		322310AC160270AD00FB16AF /* _8_NSArrayDemo.1 */ = {isa = PBXFileReference; lastKnownFileType = text.man; path = _8_NSArrayDemo.1; sourceTree = "<group>"; };
/* End PBXFileReference section */

/* Begin PBXFrameworksBuildPhase section */
		3223109E160270AD00FB16AF /* Frameworks */ = {
			isa = PBXFrameworksBuildPhase;
			buildActionMask = 2147483647;
			files = (
				322310A6160270AD00FB16AF /* Foundation.framework in Frameworks */,
			);
			runOnlyForDeploymentPostprocessing = 0;
		};
/* End PBXFrameworksBuildPhase section */

/* Begin PBXGroup section */
		32231096160270AD00FB16AF = {
			isa = PBXGroup;
			children = (
				322310A7160270AD00FB16AF /* 08_NSArrayDemo */,
				322310A4160270AD00FB16AF /* Frameworks */,
				322310A2160270AD00FB16AF /* Products */,
			);
			sourceTree = "<group>";
		};
		322310A2160270AD00FB16AF /* Products */ = {
			isa = PBXGroup;
			children = (
				322310A1160270AD00FB16AF /* 08_NSArrayDemo */,
			);
			name = Products;
			sourceTree = "<group>";
		};
		322310A4160270AD00FB16AF /* Frameworks */ = {
			isa = PBXGroup;
			children = (
				322310A5160270AD00FB16AF /* Foundation.framework */,
			);
			name = Frameworks;
			sourceTree = "<group>";
		};
		322310A7160270AD00FB16AF /* 08_NSArrayDemo */ = {
			isa = PBXGroup;
			children = (
				322310A8160270AD00FB16AF /* main.m */,
				322310AC160270AD00FB16AF /* _8_NSArrayDemo.1 */,
				322310AA160270AD00FB16AF /* Supporting Files */,
			);
			path = 08_NSArrayDemo;
			sourceTree = "<group>";
		};
		322310AA160270AD00FB16AF /* Supporting Files */ = {
			isa = PBXGroup;
			children = (
				322310AB160270AD00FB16AF /* 08_NSArrayDemo-Prefix.pch */,
			);
			name = "Supporting Files";
			sourceTree = "<group>";
		};
/* End PBXGroup section */

/* Begin PBXNativeTarget section */
		322310A0160270AD00FB16AF /* 08_NSArrayDemo */ = {
			isa = PBXNativeTarget;
			buildConfigurationList = 322310B0160270AD00FB16AF /* Build configuration list for PBXNativeTarget "08_NSArrayDemo" */;
			buildPhases = (
				3223109D160270AD00FB16AF /* Sources */,
				3223109E160270AD00FB16AF /* Frameworks */,
				3223109F160270AD00FB16AF /* CopyFiles */,
			);
			buildRules = (
			);
			dependencies = (
			);
			name = 08_NSArrayDemo;
			productName = 08_NSArrayDemo;
			productReference = 322310A1160270AD00FB16AF /* 08_NSArrayDemo */;
			productType = "com.apple.product-type.tool";
		};
/* End PBXNativeTarget section */

/* Begin PBXProject section */
		32231098160270AD00FB16AF /* Project object */ = {
			isa = PBXProject;
			attributes = {
				LastUpgradeCheck = 0450;
				ORGANIZATIONNAME = "Cameron Browning";
			};
			buildConfigurationList = 3223109B160270AD00FB16AF /* Build configuration list for PBXProject "08_NSArrayDemo" */;
			compatibilityVersion = "Xcode 3.2";
			developmentRegion = English;
			hasScannedForEncodings = 0;
			knownRegions = (
				en,
			);
			mainGroup = 32231096160270AD00FB16AF;
			productRefGroup = 322310A2160270AD00FB16AF /* Products */;
			projectDirPath = "";
			projectRoot = "";
			targets = (
				322310A0160270AD00FB16AF /* 08_NSArrayDemo */,
			);
		};
/* End PBXProject section */

/* Begin PBXSourcesBuildPhase section */
		3223109D160270AD00FB16AF /* Sources */ = {
			isa = PBXSourcesBuildPhase;
			buildActionMask = 2147483647;
			files = (
				322310A9160270AD00FB16AF /* main.m in Sources */,
			);
			runOnlyForDeploymentPostprocessing = 0;
		};
/* End PBXSourcesBuildPhase section */

/* Begin XCBuildConfiguration section */
		322310AE160270AD00FB16AF /* Debug */ = {
			isa = XCBuildConfiguration;
			buildSettings = {
				ALWAYS_SEARCH_USER_PATHS = NO;
				ARCHS = "$(ARCHS_STANDARD_64_BIT)";
				CLANG_CXX_LANGUAGE_STANDARD = "gnu++0x";
				CLANG_ENABLE_OBJC_ARC = YES;
				CLANG_WARN__DUPLICATE_METHOD_MATCH = YES;
				COPY_PHASE_STRIP = NO;
				GCC_C_LANGUAGE_STANDARD = gnu99;
				GCC_DYNAMIC_NO_PIC = NO;
				GCC_ENABLE_OBJC_EXCEPTIONS = YES;
				GCC_OPTIMIZATION_LEVEL = 0;
				GCC_PREPROCESSOR_DEFINITIONS = (
					"DEBUG=1",
					"$(inherited)",
				);
				GCC_SYMBOLS_PRIVATE_EXTERN = NO;
				GCC_WARN_64_TO_32_BIT_CONVERSION = YES;
				GCC_WARN_ABOUT_RETURN_TYPE = YES;
				GCC_WARN_UNINITIALIZED_AUTOS = YES;
				GCC_WARN_UNUSED_VARIABLE = YES;
				MACOSX_DEPLOYMENT_TARGET = 10.7;
				ONLY_ACTIVE_ARCH = YES;
				SDKROOT = macosx;
			};
			name = Debug;
		};
		322310AF160270AD00FB16AF /* Release */ = {
			isa = XCBuildConfiguration;
			buildSettings = {
				ALWAYS_SEARCH_USER_PATHS = NO;
				ARCHS = "$(ARCHS_STANDARD_64_BIT)";
				CLANG_CXX_LANGUAGE_STANDARD = "gnu++0x";
				CLANG_ENABLE_OBJC_ARC = YES;
				CLANG_WARN__DUPLICATE_METHOD_MATCH = YES;
				COPY_PHASE_STRIP = YES;
				DEBUG_INFORMATION_FORMAT = "dwarf-with-dsym";
				GCC_C_LANGUAGE_STANDARD = gnu99;
				GCC_ENABLE_OBJC_EXCEPTIONS = YES;
				GCC_WARN_64_TO_32_BIT_CONVERSION = YES;
				GCC_WARN_ABOUT_RETURN_TYPE = YES;
				GCC_WARN_UNINITIALIZED_AUTOS = YES;
				GCC_WARN_UNUSED_VARIABLE = YES;
				MACOSX_DEPLOYMENT_TARGET = 10.7;
				SDKROOT = macosx;
			};
			name = Release;
		};
		322310B1160270AD00FB16AF /* Debug */ = {
			isa = XCBuildConfiguration;
			buildSettings = {
				GCC_PRECOMPILE_PREFIX_HEADER = YES;
				GCC_PREFIX_HEADER = "08_NSArrayDemo/08_NSArrayDemo-Prefix.pch";
				PRODUCT_NAME = "$(TARGET_NAME)";
			};
			name = Debug;
		};
		322310B2160270AD00FB16AF /* Release */ = {
			isa = XCBuildConfiguration;
			buildSettings = {
				GCC_PRECOMPILE_PREFIX_HEADER = YES;
				GCC_PREFIX_HEADER = "08_NSArrayDemo/08_NSArrayDemo-Prefix.pch";
				PRODUCT_NAME = "$(TARGET_NAME)";
			};
			name = Release;
		};
/* End XCBuildConfiguration section */

/* Begin XCConfigurationList section */
		3223109B160270AD00FB16AF /* Build configuration list for PBXProject "08_NSArrayDemo" */ = {
			isa = XCConfigurationList;
			buildConfigurations = (
				322310AE160270AD00FB16AF /* Debug */,
				322310AF160270AD00FB16AF /* Release */,
			);
			defaultConfigurationIsVisible = 0;
			defaultConfigurationName = Release;
		};
		322310B0160270AD00FB16AF /* Build configuration list for PBXNativeTarget "08_NSArrayDemo" */ = {
			isa = XCConfigurationList;
			buildConfigurations = (
				322310B1160270AD00FB16AF /* Debug */,
				322310B2160270AD00FB16AF /* Release */,
			);
			defaultConfigurationIsVisible = 0;
		};
/* End XCConfigurationList section */
	};
	rootObject = 32231098160270AD00FB16AF /* Project object */;
}
