// !$*UTF8*$!
{
	archiveVersion = 1;
	classes = {
	};
	objectVersion = 46;
	objects = {

/* Begin PBXBuildFile section */
		3223106916026DD100FB16AF /* Foundation.framework in Frameworks */ = {isa = PBXBuildFile; fileRef = 3223106816026DD100FB16AF /* Foundation.framework */; };
		3223106C16026DD100FB16AF /* main.m in Sources */ = {isa = PBXBuildFile; fileRef = 3223106B16026DD100FB16AF /* main.m */; };
		3223107016026DD100FB16AF /* _7_DeallocDemo.1 in CopyFiles */ = {isa = PBXBuildFile; fileRef = 3223106F16026DD100FB16AF /* _7_DeallocDemo.1 */; };
/* End PBXBuildFile section */

/* Begin PBXCopyFilesBuildPhase section */
		3223106216026DD100FB16AF /* CopyFiles */ = {
			isa = PBXCopyFilesBuildPhase;
			buildActionMask = 2147483647;
			dstPath = /usr/share/man/man1/;
			dstSubfolderSpec = 0;
			files = (
				3223107016026DD100FB16AF /* _7_DeallocDemo.1 in CopyFiles */,
			);
			runOnlyForDeploymentPostprocessing = 1;
		};
/* End PBXCopyFilesBuildPhase section */

/* Begin PBXFileReference section */
		3223106416026DD100FB16AF /* 07_DeallocDemo */ = {isa = PBXFileReference; explicitFileType = "compiled.mach-o.executable"; includeInIndex = 0; path = 07_DeallocDemo; sourceTree = BUILT_PRODUCTS_DIR; };
		3223106816026DD100FB16AF /* Foundation.framework */ = {isa = PBXFileReference; lastKnownFileType = wrapper.framework; name = Foundation.framework; path = System/Library/Frameworks/Foundation.framework; sourceTree = SDKROOT; };
		3223106B16026DD100FB16AF /* main.m */ = {isa = PBXFileReference; lastKnownFileType = sourcecode.c.objc; path = main.m; sourceTree = "<group>"; };
		3223106E16026DD100FB16AF /* 07_DeallocDemo-Prefix.pch */ = {isa = PBXFileReference; path = "07_DeallocDemo-Prefix.pch"; sourceTree = "<group>"; };
		3223106F16026DD100FB16AF /* _7_DeallocDemo.1 */ = {isa = PBXFileReference; lastKnownFileType = text.man; path = _7_DeallocDemo.1; sourceTree = "<group>"; };
/* End PBXFileReference section */

/* Begin PBXFrameworksBuildPhase section */
		3223106116026DD100FB16AF /* Frameworks */ = {
			isa = PBXFrameworksBuildPhase;
			buildActionMask = 2147483647;
			files = (
				3223106916026DD100FB16AF /* Foundation.framework in Frameworks */,
			);
			runOnlyForDeploymentPostprocessing = 0;
		};
/* End PBXFrameworksBuildPhase section */

/* Begin PBXGroup section */
		3223105916026DD100FB16AF = {
			isa = PBXGroup;
			children = (
				3223106A16026DD100FB16AF /* 07_DeallocDemo */,
				3223106716026DD100FB16AF /* Frameworks */,
				3223106516026DD100FB16AF /* Products */,
			);
			sourceTree = "<group>";
		};
		3223106516026DD100FB16AF /* Products */ = {
			isa = PBXGroup;
			children = (
				3223106416026DD100FB16AF /* 07_DeallocDemo */,
			);
			name = Products;
			sourceTree = "<group>";
		};
		3223106716026DD100FB16AF /* Frameworks */ = {
			isa = PBXGroup;
			children = (
				3223106816026DD100FB16AF /* Foundation.framework */,
			);
			name = Frameworks;
			sourceTree = "<group>";
		};
		3223106A16026DD100FB16AF /* 07_DeallocDemo */ = {
			isa = PBXGroup;
			children = (
				3223106B16026DD100FB16AF /* main.m */,
				3223106F16026DD100FB16AF /* _7_DeallocDemo.1 */,
				3223106D16026DD100FB16AF /* Supporting Files */,
			);
			path = 07_DeallocDemo;
			sourceTree = "<group>";
		};
		3223106D16026DD100FB16AF /* Supporting Files */ = {
			isa = PBXGroup;
			children = (
				3223106E16026DD100FB16AF /* 07_DeallocDemo-Prefix.pch */,
			);
			name = "Supporting Files";
			sourceTree = "<group>";
		};
/* End PBXGroup section */

/* Begin PBXNativeTarget section */
		3223106316026DD100FB16AF /* 07_DeallocDemo */ = {
			isa = PBXNativeTarget;
			buildConfigurationList = 3223107316026DD100FB16AF /* Build configuration list for PBXNativeTarget "07_DeallocDemo" */;
			buildPhases = (
				3223106016026DD100FB16AF /* Sources */,
				3223106116026DD100FB16AF /* Frameworks */,
				3223106216026DD100FB16AF /* CopyFiles */,
			);
			buildRules = (
			);
			dependencies = (
			);
			name = 07_DeallocDemo;
			productName = 07_DeallocDemo;
			productReference = 3223106416026DD100FB16AF /* 07_DeallocDemo */;
			productType = "com.apple.product-type.tool";
		};
/* End PBXNativeTarget section */

/* Begin PBXProject section */
		3223105B16026DD100FB16AF /* Project object */ = {
			isa = PBXProject;
			attributes = {
				LastUpgradeCheck = 0450;
				ORGANIZATIONNAME = "Cameron Browning";
			};
			buildConfigurationList = 3223105E16026DD100FB16AF /* Build configuration list for PBXProject "07_DeallocDemo" */;
			compatibilityVersion = "Xcode 3.2";
			developmentRegion = English;
			hasScannedForEncodings = 0;
			knownRegions = (
				en,
			);
			mainGroup = 3223105916026DD100FB16AF;
			productRefGroup = 3223106516026DD100FB16AF /* Products */;
			projectDirPath = "";
			projectRoot = "";
			targets = (
				3223106316026DD100FB16AF /* 07_DeallocDemo */,
			);
		};
/* End PBXProject section */

/* Begin PBXSourcesBuildPhase section */
		3223106016026DD100FB16AF /* Sources */ = {
			isa = PBXSourcesBuildPhase;
			buildActionMask = 2147483647;
			files = (
				3223106C16026DD100FB16AF /* main.m in Sources */,
			);
			runOnlyForDeploymentPostprocessing = 0;
		};
/* End PBXSourcesBuildPhase section */

/* Begin XCBuildConfiguration section */
		3223107116026DD100FB16AF /* Debug */ = {
			isa = XCBuildConfiguration;
			buildSettings = {
				ALWAYS_SEARCH_USER_PATHS = NO;
				ARCHS = "$(ARCHS_STANDARD_64_BIT)";
				CLANG_CXX_LANGUAGE_STANDARD = "gnu++0x";
				CLANG_ENABLE_OBJC_ARC = YES;
				CLANG_WARN__DUPLICATE_METHOD_MATCH = YES;
				COPY_PHASE_STRIP = NO;
				GCC_C_LANGUAGE_STANDARD = gnu99;
				GCC_DYNAMIC_NO_PIC = NO;
				GCC_ENABLE_OBJC_EXCEPTIONS = YES;
				GCC_OPTIMIZATION_LEVEL = 0;
				GCC_PREPROCESSOR_DEFINITIONS = (
					"DEBUG=1",
					"$(inherited)",
				);
				GCC_SYMBOLS_PRIVATE_EXTERN = NO;
				GCC_WARN_64_TO_32_BIT_CONVERSION = YES;
				GCC_WARN_ABOUT_RETURN_TYPE = YES;
				GCC_WARN_UNINITIALIZED_AUTOS = YES;
				GCC_WARN_UNUSED_VARIABLE = YES;
				MACOSX_DEPLOYMENT_TARGET = 10.7;
				ONLY_ACTIVE_ARCH = YES;
				SDKROOT = macosx;
			};
			name = Debug;
		};
		3223107216026DD100FB16AF /* Release */ = {
			isa = XCBuildConfiguration;
			buildSettings = {
				ALWAYS_SEARCH_USER_PATHS = NO;
				ARCHS = "$(ARCHS_STANDARD_64_BIT)";
				CLANG_CXX_LANGUAGE_STANDARD = "gnu++0x";
				CLANG_ENABLE_OBJC_ARC = YES;
				CLANG_WARN__DUPLICATE_METHOD_MATCH = YES;
				COPY_PHASE_STRIP = YES;
				DEBUG_INFORMATION_FORMAT = "dwarf-with-dsym";
				GCC_C_LANGUAGE_STANDARD = gnu99;
				GCC_ENABLE_OBJC_EXCEPTIONS = YES;
				GCC_WARN_64_TO_32_BIT_CONVERSION = YES;
				GCC_WARN_ABOUT_RETURN_TYPE = YES;
				GCC_WARN_UNINITIALIZED_AUTOS = YES;
				GCC_WARN_UNUSED_VARIABLE = YES;
				MACOSX_DEPLOYMENT_TARGET = 10.7;
				SDKROOT = macosx;
			};
			name = Release;
		};
		3223107416026DD100FB16AF /* Debug */ = {
			isa = XCBuildConfiguration;
			buildSettings = {
				GCC_PRECOMPILE_PREFIX_HEADER = YES;
				GCC_PREFIX_HEADER = "07_DeallocDemo/07_DeallocDemo-Prefix.pch";
				PRODUCT_NAME = "$(TARGET_NAME)";
			};
			name = Debug;
		};
		3223107516026DD100FB16AF /* Release */ = {
			isa = XCBuildConfiguration;
			buildSettings = {
				GCC_PRECOMPILE_PREFIX_HEADER = YES;
				GCC_PREFIX_HEADER = "07_DeallocDemo/07_DeallocDemo-Prefix.pch";
				PRODUCT_NAME = "$(TARGET_NAME)";
			};
			name = Release;
		};
/* End XCBuildConfiguration section */

/* Begin XCConfigurationList section */
		3223105E16026DD100FB16AF /* Build configuration list for PBXProject "07_DeallocDemo" */ = {
			isa = XCConfigurationList;
			buildConfigurations = (
				3223107116026DD100FB16AF /* Debug */,
				3223107216026DD100FB16AF /* Release */,
			);
			defaultConfigurationIsVisible = 0;
			defaultConfigurationName = Release;
		};
		3223107316026DD100FB16AF /* Build configuration list for PBXNativeTarget "07_DeallocDemo" */ = {
			isa = XCConfigurationList;
			buildConfigurations = (
				3223107416026DD100FB16AF /* Debug */,
				3223107516026DD100FB16AF /* Release */,
			);
			defaultConfigurationIsVisible = 0;
		};
/* End XCConfigurationList section */
	};
	rootObject = 3223105B16026DD100FB16AF /* Project object */;
}
